
Microsoft Visual Studio Solution File, Format Version 12.00
# Visual Studio Version 17
VisualStudioVersion = 17.14.36310.24
MinimumVisualStudioVersion = 10.0.40219.1
Project("{FAE04EC0-301F-11D3-BF4B-00C04F79EFBC}") = "ejer1", "ejer1\ejer1.csproj", "{0DCCB6E7-03B2-4C30-BE6C-30AD3431C492}"
EndProject
Project("{FAE04EC0-301F-11D3-BF4B-00C04F79EFBC}") = "ejer2", "ejer2\ejer2.csproj", "{811EB2B1-0125-4557-B514-B731D53563AE}"
EndProject
Project("{888888A0-9F3D-457C-B088-3A5042F75D52}") = "eje p", "eje p\eje p.pyproj", "{A503FF74-EF08-45C6-B30B-2F95A518D35F}"
EndProject
Project("{888888A0-9F3D-457C-B088-3A5042F75D52}") = "ejr 2 p", "ejr 2 p\ejr 2 p.pyproj", "{178836A8-3FDE-4EEE-BC21-FA9AD1F22246}"
EndProject
Project("{FAE04EC0-301F-11D3-BF4B-00C04F79EFBC}") = "ejer3", "ejer3\ejer3.csproj", "{2DCB6C02-74C4-47C7-9280-27486DF7F51D}"
EndProject
Global
	GlobalSection(SolutionConfigurationPlatforms) = preSolution
		Debug|Any CPU = Debug|Any CPU
		Release|Any CPU = Release|Any CPU
	EndGlobalSection
	GlobalSection(ProjectConfigurationPlatforms) = postSolution
		{0DCCB6E7-03B2-4C30-BE6C-30AD3431C492}.Debug|Any CPU.ActiveCfg = Debug|Any CPU
		{0DCCB6E7-03B2-4C30-BE6C-30AD3431C492}.Debug|Any CPU.Build.0 = Debug|Any CPU
		{0DCCB6E7-03B2-4C30-BE6C-30AD3431C492}.Release|Any CPU.ActiveCfg = Release|Any CPU
		{0DCCB6E7-03B2-4C30-BE6C-30AD3431C492}.Release|Any CPU.Build.0 = Release|Any CPU
		{811EB2B1-0125-4557-B514-B731D53563AE}.Debug|Any CPU.ActiveCfg = Debug|Any CPU
		{811EB2B1-0125-4557-B514-B731D53563AE}.Debug|Any CPU.Build.0 = Debug|Any CPU
		{811EB2B1-0125-4557-B514-B731D53563AE}.Release|Any CPU.ActiveCfg = Release|Any CPU
		{811EB2B1-0125-4557-B514-B731D53563AE}.Release|Any CPU.Build.0 = Release|Any CPU
		{A503FF74-EF08-45C6-B30B-2F95A518D35F}.Debug|Any CPU.ActiveCfg = Debug|Any CPU
		{A503FF74-EF08-45C6-B30B-2F95A518D35F}.Release|Any CPU.ActiveCfg = Release|Any CPU
		{178836A8-3FDE-4EEE-BC21-FA9AD1F22246}.Debug|Any CPU.ActiveCfg = Debug|Any CPU
		{178836A8-3FDE-4EEE-BC21-FA9AD1F22246}.Release|Any CPU.ActiveCfg = Release|Any CPU
		{2DCB6C02-74C4-47C7-9280-27486DF7F51D}.Debug|Any CPU.ActiveCfg = Debug|Any CPU
		{2DCB6C02-74C4-47C7-9280-27486DF7F51D}.Debug|Any CPU.Build.0 = Debug|Any CPU
		{2DCB6C02-74C4-47C7-9280-27486DF7F51D}.Release|Any CPU.ActiveCfg = Release|Any CPU
		{2DCB6C02-74C4-47C7-9280-27486DF7F51D}.Release|Any CPU.Build.0 = Release|Any CPU
	EndGlobalSection
	GlobalSection(SolutionProperties) = preSolution
		HideSolutionNode = FALSE
	EndGlobalSection
	GlobalSection(ExtensibilityGlobals) = postSolution
		SolutionGuid = {710D2F51-9467-419E-8727-CD12D5B4CDB6}
	EndGlobalSection
EndGlobal
