
Microsoft Visual Studio Solution File, Format Version 12.00
# Visual Studio Version 17
VisualStudioVersion = 17.14.36310.24
MinimumVisualStudioVersion = 10.0.40219.1
Project("{FAE04EC0-301F-11D3-BF4B-00C04F79EFBC}") = "biblioteca", "biblioteca.csproj", "{0EF5A09E-36ED-49B0-BFFE-6309D8E7FE4E}"
EndProject
Project("{FAE04EC0-301F-11D3-BF4B-00C04F79EFBC}") = "sem9.--}", "..\sem9.--}\sem9.--}.csproj", "{B8EB2C3D-C9EC-45F1-8ACC-E7A10C9BCB31}"
EndProject
Global
	GlobalSection(SolutionConfigurationPlatforms) = preSolution
		Debug|Any CPU = Debug|Any CPU
		Release|Any CPU = Release|Any CPU
	EndGlobalSection
	GlobalSection(ProjectConfigurationPlatforms) = postSolution
		{0EF5A09E-36ED-49B0-BFFE-6309D8E7FE4E}.Debug|Any CPU.ActiveCfg = Debug|Any CPU
		{0EF5A09E-36ED-49B0-BFFE-6309D8E7FE4E}.Debug|Any CPU.Build.0 = Debug|Any CPU
		{0EF5A09E-36ED-49B0-BFFE-6309D8E7FE4E}.Release|Any CPU.ActiveCfg = Release|Any CPU
		{0EF5A09E-36ED-49B0-BFFE-6309D8E7FE4E}.Release|Any CPU.Build.0 = Release|Any CPU
		{B8EB2C3D-C9EC-45F1-8ACC-E7A10C9BCB31}.Debug|Any CPU.ActiveCfg = Debug|Any CPU
		{B8EB2C3D-C9EC-45F1-8ACC-E7A10C9BCB31}.Debug|Any CPU.Build.0 = Debug|Any CPU
		{B8EB2C3D-C9EC-45F1-8ACC-E7A10C9BCB31}.Release|Any CPU.ActiveCfg = Release|Any CPU
		{B8EB2C3D-C9EC-45F1-8ACC-E7A10C9BCB31}.Release|Any CPU.Build.0 = Release|Any CPU
	EndGlobalSection
	GlobalSection(SolutionProperties) = preSolution
		HideSolutionNode = FALSE
	EndGlobalSection
	GlobalSection(ExtensibilityGlobals) = postSolution
		SolutionGuid = {1BB836A3-7CF9-4883-80FD-8B084C32D03D}
	EndGlobalSection
EndGlobal
