
Microsoft Visual Studio Solution File, Format Version 12.00
# Visual Studio Version 17
VisualStudioVersion = 17.14.36310.24 d17.14
MinimumVisualStudioVersion = 10.0.40219.1
Project("{FAE04EC0-301F-11D3-BF4B-00C04F79EFBC}") = "ConsoleApp1", "ConsoleApp1\ConsoleApp1.csproj", "{590940CC-8646-4412-AF73-92944DBE19F2}"
EndProject
Project("{FAE04EC0-301F-11D3-BF4B-00C04F79EFBC}") = "WindowsFormsApp1", "WindowsFormsApp1\WindowsFormsApp1.csproj", "{78EEA937-97C0-49EA-9E64-9FDB8A05E632}"
EndProject
Global
	GlobalSection(SolutionConfigurationPlatforms) = preSolution
		Debug|Any CPU = Debug|Any CPU
		Release|Any CPU = Release|Any CPU
	EndGlobalSection
	GlobalSection(ProjectConfigurationPlatforms) = postSolution
		{590940CC-8646-4412-AF73-92944DBE19F2}.Debug|Any CPU.ActiveCfg = Debug|Any CPU
		{590940CC-8646-4412-AF73-92944DBE19F2}.Debug|Any CPU.Build.0 = Debug|Any CPU
		{590940CC-8646-4412-AF73-92944DBE19F2}.Release|Any CPU.ActiveCfg = Release|Any CPU
		{590940CC-8646-4412-AF73-92944DBE19F2}.Release|Any CPU.Build.0 = Release|Any CPU
		{78EEA937-97C0-49EA-9E64-9FDB8A05E632}.Debug|Any CPU.ActiveCfg = Debug|Any CPU
		{78EEA937-97C0-49EA-9E64-9FDB8A05E632}.Debug|Any CPU.Build.0 = Debug|Any CPU
		{78EEA937-97C0-49EA-9E64-9FDB8A05E632}.Release|Any CPU.ActiveCfg = Release|Any CPU
		{78EEA937-97C0-49EA-9E64-9FDB8A05E632}.Release|Any CPU.Build.0 = Release|Any CPU
	EndGlobalSection
	GlobalSection(SolutionProperties) = preSolution
		HideSolutionNode = FALSE
	EndGlobalSection
	GlobalSection(ExtensibilityGlobals) = postSolution
		SolutionGuid = {C08DE6D6-565B-4B4C-9C15-A484A4DB32CE}
	EndGlobalSection
EndGlobal
