
Microsoft Visual Studio Solution File, Format Version 12.00
# Visual Studio Version 17
VisualStudioVersion = 17.14.36310.24 d17.14
MinimumVisualStudioVersion = 10.0.40219.1
Project("{FAE04EC0-301F-11D3-BF4B-00C04F79EFBC}") = "estresem14", "estresem14\estresem14.csproj", "{0ACFF3C3-4DB9-44B0-BEF1-B0844F07F27F}"
EndProject
Project("{FAE04EC0-301F-11D3-BF4B-00C04F79EFBC}") = "sem14", "estresem14\sem14\sem14.csproj", "{6735F6DF-8C59-452E-9244-7F0D2B44A8A3}"
EndProject
Global
	GlobalSection(SolutionConfigurationPlatforms) = preSolution
		Debug|Any CPU = Debug|Any CPU
		Release|Any CPU = Release|Any CPU
	EndGlobalSection
	GlobalSection(ProjectConfigurationPlatforms) = postSolution
		{0ACFF3C3-4DB9-44B0-BEF1-B0844F07F27F}.Debug|Any CPU.ActiveCfg = Debug|Any CPU
		{0ACFF3C3-4DB9-44B0-BEF1-B0844F07F27F}.Debug|Any CPU.Build.0 = Debug|Any CPU
		{0ACFF3C3-4DB9-44B0-BEF1-B0844F07F27F}.Release|Any CPU.ActiveCfg = Release|Any CPU
		{0ACFF3C3-4DB9-44B0-BEF1-B0844F07F27F}.Release|Any CPU.Build.0 = Release|Any CPU
		{6735F6DF-8C59-452E-9244-7F0D2B44A8A3}.Debug|Any CPU.ActiveCfg = Debug|Any CPU
		{6735F6DF-8C59-452E-9244-7F0D2B44A8A3}.Debug|Any CPU.Build.0 = Debug|Any CPU
		{6735F6DF-8C59-452E-9244-7F0D2B44A8A3}.Release|Any CPU.ActiveCfg = Release|Any CPU
		{6735F6DF-8C59-452E-9244-7F0D2B44A8A3}.Release|Any CPU.Build.0 = Release|Any CPU
	EndGlobalSection
	GlobalSection(SolutionProperties) = preSolution
		HideSolutionNode = FALSE
	EndGlobalSection
	GlobalSection(ExtensibilityGlobals) = postSolution
		SolutionGuid = {CFBBE9CD-4E24-4ED3-A117-D9709F3CA1AC}
	EndGlobalSection
EndGlobal
